// !$*UTF8*$!
{
	archiveVersion = 1;
	classes = {
	};
	objectVersion = 46;
	objects = {

/* Begin PBXBuildFile section */
		38E24F481AB1437C00E72F60 /* main.m in Sources */ = {isa = PBXBuildFile; fileRef = 38E24F471AB1437C00E72F60 /* main.m */; };
		38E24F4B1AB1437C00E72F60 /* AppDelegate.m in Sources */ = {isa = PBXBuildFile; fileRef = 38E24F4A1AB1437C00E72F60 /* AppDelegate.m */; };
		38E24F4E1AB1437C00E72F60 /* FirstViewController.m in Sources */ = {isa = PBXBuildFile; fileRef = 38E24F4D1AB1437C00E72F60 /* FirstViewController.m */; };
		38E24F511AB1437C00E72F60 /* SecondViewController.m in Sources */ = {isa = PBXBuildFile; fileRef = 38E24F501AB1437C00E72F60 /* SecondViewController.m */; };
		38E24F541AB1437C00E72F60 /* Main.storyboard in Resources */ = {isa = PBXBuildFile; fileRef = 38E24F521AB1437C00E72F60 /* Main.storyboard */; };
		38E24F561AB1437C00E72F60 /* Images.xcassets in Resources */ = {isa = PBXBuildFile; fileRef = 38E24F551AB1437C00E72F60 /* Images.xcassets */; };
		38E24F591AB1437D00E72F60 /* LaunchScreen.xib in Resources */ = {isa = PBXBuildFile; fileRef = 38E24F571AB1437D00E72F60 /* LaunchScreen.xib */; };
		38E24F651AB1437D00E72F60 /* EasyCarpoolerTests.m in Sources */ = {isa = PBXBuildFile; fileRef = 38E24F641AB1437D00E72F60 /* EasyCarpoolerTests.m */; };
/* End PBXBuildFile section */

/* Begin PBXContainerItemProxy section */
		38E24F5F1AB1437D00E72F60 /* PBXContainerItemProxy */ = {
			isa = PBXContainerItemProxy;
			containerPortal = 38E24F3A1AB1437C00E72F60 /* Project object */;
			proxyType = 1;
			remoteGlobalIDString = 38E24F411AB1437C00E72F60;
			remoteInfo = EasyCarpooler;
		};
/* End PBXContainerItemProxy section */

/* Begin PBXFileReference section */
		38E24F421AB1437C00E72F60 /* EasyCarpooler.app */ = {isa = PBXFileReference; explicitFileType = wrapper.application; includeInIndex = 0; path = EasyCarpooler.app; sourceTree = BUILT_PRODUCTS_DIR; };
		38E24F461AB1437C00E72F60 /* Info.plist */ = {isa = PBXFileReference; lastKnownFileType = text.plist.xml; path = Info.plist; sourceTree = "<group>"; };
		38E24F471AB1437C00E72F60 /* main.m */ = {isa = PBXFileReference; lastKnownFileType = sourcecode.c.objc; path = main.m; sourceTree = "<group>"; };
		38E24F491AB1437C00E72F60 /* AppDelegate.h */ = {isa = PBXFileReference; lastKnownFileType = sourcecode.c.h; path = AppDelegate.h; sourceTree = "<group>"; };
		38E24F4A1AB1437C00E72F60 /* AppDelegate.m */ = {isa = PBXFileReference; lastKnownFileType = sourcecode.c.objc; path = AppDelegate.m; sourceTree = "<group>"; };
		38E24F4C1AB1437C00E72F60 /* FirstViewController.h */ = {isa = PBXFileReference; lastKnownFileType = sourcecode.c.h; path = FirstViewController.h; sourceTree = "<group>"; };
		38E24F4D1AB1437C00E72F60 /* FirstViewController.m */ = {isa = PBXFileReference; lastKnownFileType = sourcecode.c.objc; path = FirstViewController.m; sourceTree = "<group>"; };
		38E24F4F1AB1437C00E72F60 /* SecondViewController.h */ = {isa = PBXFileReference; lastKnownFileType = sourcecode.c.h; path = SecondViewController.h; sourceTree = "<group>"; };
		38E24F501AB1437C00E72F60 /* SecondViewController.m */ = {isa = PBXFileReference; lastKnownFileType = sourcecode.c.objc; path = SecondViewController.m; sourceTree = "<group>"; };
		38E24F531AB1437C00E72F60 /* Base */ = {isa = PBXFileReference; lastKnownFileType = file.storyboard; name = Base; path = Base.lproj/Main.storyboard; sourceTree = "<group>"; };
		38E24F551AB1437C00E72F60 /* Images.xcassets */ = {isa = PBXFileReference; lastKnownFileType = folder.assetcatalog; path = Images.xcassets; sourceTree = "<group>"; };
		38E24F581AB1437D00E72F60 /* Base */ = {isa = PBXFileReference; lastKnownFileType = file.xib; name = Base; path = Base.lproj/LaunchScreen.xib; sourceTree = "<group>"; };
		38E24F5E1AB1437D00E72F60 /* EasyCarpoolerTests.xctest */ = {isa = PBXFileReference; explicitFileType = wrapper.cfbundle; includeInIndex = 0; path = EasyCarpoolerTests.xctest; sourceTree = BUILT_PRODUCTS_DIR; };
		38E24F631AB1437D00E72F60 /* Info.plist */ = {isa = PBXFileReference; lastKnownFileType = text.plist.xml; path = Info.plist; sourceTree = "<group>"; };
		38E24F641AB1437D00E72F60 /* EasyCarpoolerTests.m */ = {isa = PBXFileReference; lastKnownFileType = sourcecode.c.objc; path = EasyCarpoolerTests.m; sourceTree = "<group>"; };
/* End PBXFileReference section */

/* Begin PBXFrameworksBuildPhase section */
		38E24F3F1AB1437C00E72F60 /* Frameworks */ = {
			isa = PBXFrameworksBuildPhase;
			buildActionMask = 2147483647;
			files = (
			);
			runOnlyForDeploymentPostprocessing = 0;
		};
		38E24F5B1AB1437D00E72F60 /* Frameworks */ = {
			isa = PBXFrameworksBuildPhase;
			buildActionMask = 2147483647;
			files = (
			);
			runOnlyForDeploymentPostprocessing = 0;
		};
/* End PBXFrameworksBuildPhase section */

/* Begin PBXGroup section */
		38E24F391AB1437C00E72F60 = {
			isa = PBXGroup;
			children = (
				38E24F441AB1437C00E72F60 /* EasyCarpooler */,
				38E24F611AB1437D00E72F60 /* EasyCarpoolerTests */,
				38E24F431AB1437C00E72F60 /* Products */,
			);
			sourceTree = "<group>";
		};
		38E24F431AB1437C00E72F60 /* Products */ = {
			isa = PBXGroup;
			children = (
				38E24F421AB1437C00E72F60 /* EasyCarpooler.app */,
				38E24F5E1AB1437D00E72F60 /* EasyCarpoolerTests.xctest */,
			);
			name = Products;
			sourceTree = "<group>";
		};
		38E24F441AB1437C00E72F60 /* EasyCarpooler */ = {
			isa = PBXGroup;
			children = (
				38E24F491AB1437C00E72F60 /* AppDelegate.h */,
				38E24F4A1AB1437C00E72F60 /* AppDelegate.m */,
				38E24F4C1AB1437C00E72F60 /* FirstViewController.h */,
				38E24F4D1AB1437C00E72F60 /* FirstViewController.m */,
				38E24F4F1AB1437C00E72F60 /* SecondViewController.h */,
				38E24F501AB1437C00E72F60 /* SecondViewController.m */,
				38E24F521AB1437C00E72F60 /* Main.storyboard */,
				38E24F551AB1437C00E72F60 /* Images.xcassets */,
				38E24F571AB1437D00E72F60 /* LaunchScreen.xib */,
				38E24F451AB1437C00E72F60 /* Supporting Files */,
			);
			path = EasyCarpooler;
			sourceTree = "<group>";
		};
		38E24F451AB1437C00E72F60 /* Supporting Files */ = {
			isa = PBXGroup;
			children = (
				38E24F461AB1437C00E72F60 /* Info.plist */,
				38E24F471AB1437C00E72F60 /* main.m */,
			);
			name = "Supporting Files";
			sourceTree = "<group>";
		};
		38E24F611AB1437D00E72F60 /* EasyCarpoolerTests */ = {
			isa = PBXGroup;
			children = (
				38E24F641AB1437D00E72F60 /* EasyCarpoolerTests.m */,
				38E24F621AB1437D00E72F60 /* Supporting Files */,
			);
			path = EasyCarpoolerTests;
			sourceTree = "<group>";
		};
		38E24F621AB1437D00E72F60 /* Supporting Files */ = {
			isa = PBXGroup;
			children = (
				38E24F631AB1437D00E72F60 /* Info.plist */,
			);
			name = "Supporting Files";
			sourceTree = "<group>";
		};
/* End PBXGroup section */

/* Begin PBXNativeTarget section */
		38E24F411AB1437C00E72F60 /* EasyCarpooler */ = {
			isa = PBXNativeTarget;
			buildConfigurationList = 38E24F681AB1437D00E72F60 /* Build configuration list for PBXNativeTarget "EasyCarpooler" */;
			buildPhases = (
				38E24F3E1AB1437C00E72F60 /* Sources */,
				38E24F3F1AB1437C00E72F60 /* Frameworks */,
				38E24F401AB1437C00E72F60 /* Resources */,
			);
			buildRules = (
			);
			dependencies = (
			);
			name = EasyCarpooler;
			productName = EasyCarpooler;
			productReference = 38E24F421AB1437C00E72F60 /* EasyCarpooler.app */;
			productType = "com.apple.product-type.application";
		};
		38E24F5D1AB1437D00E72F60 /* EasyCarpoolerTests */ = {
			isa = PBXNativeTarget;
			buildConfigurationList = 38E24F6B1AB1437D00E72F60 /* Build configuration list for PBXNativeTarget "EasyCarpoolerTests" */;
			buildPhases = (
				38E24F5A1AB1437D00E72F60 /* Sources */,
				38E24F5B1AB1437D00E72F60 /* Frameworks */,
				38E24F5C1AB1437D00E72F60 /* Resources */,
			);
			buildRules = (
			);
			dependencies = (
				38E24F601AB1437D00E72F60 /* PBXTargetDependency */,
			);
			name = EasyCarpoolerTests;
			productName = EasyCarpoolerTests;
			productReference = 38E24F5E1AB1437D00E72F60 /* EasyCarpoolerTests.xctest */;
			productType = "com.apple.product-type.bundle.unit-test";
		};
/* End PBXNativeTarget section */

/* Begin PBXProject section */
		38E24F3A1AB1437C00E72F60 /* Project object */ = {
			isa = PBXProject;
			attributes = {
				LastUpgradeCheck = 0610;
				ORGANIZATIONNAME = "Adama Traore";
				TargetAttributes = {
					38E24F411AB1437C00E72F60 = {
						CreatedOnToolsVersion = 6.1.1;
					};
					38E24F5D1AB1437D00E72F60 = {
						CreatedOnToolsVersion = 6.1.1;
						TestTargetID = 38E24F411AB1437C00E72F60;
					};
				};
			};
			buildConfigurationList = 38E24F3D1AB1437C00E72F60 /* Build configuration list for PBXProject "EasyCarpooler" */;
			compatibilityVersion = "Xcode 3.2";
			developmentRegion = English;
			hasScannedForEncodings = 0;
			knownRegions = (
				en,
				Base,
			);
			mainGroup = 38E24F391AB1437C00E72F60;
			productRefGroup = 38E24F431AB1437C00E72F60 /* Products */;
			projectDirPath = "";
			projectRoot = "";
			targets = (
				38E24F411AB1437C00E72F60 /* EasyCarpooler */,
				38E24F5D1AB1437D00E72F60 /* EasyCarpoolerTests */,
			);
		};
/* End PBXProject section */

/* Begin PBXResourcesBuildPhase section */
		38E24F401AB1437C00E72F60 /* Resources */ = {
			isa = PBXResourcesBuildPhase;
			buildActionMask = 2147483647;
			files = (
				38E24F541AB1437C00E72F60 /* Main.storyboard in Resources */,
				38E24F591AB1437D00E72F60 /* LaunchScreen.xib in Resources */,
				38E24F561AB1437C00E72F60 /* Images.xcassets in Resources */,
			);
			runOnlyForDeploymentPostprocessing = 0;
		};
		38E24F5C1AB1437D00E72F60 /* Resources */ = {
			isa = PBXResourcesBuildPhase;
			buildActionMask = 2147483647;
			files = (
			);
			runOnlyForDeploymentPostprocessing = 0;
		};
/* End PBXResourcesBuildPhase section */

/* Begin PBXSourcesBuildPhase section */
		38E24F3E1AB1437C00E72F60 /* Sources */ = {
			isa = PBXSourcesBuildPhase;
			buildActionMask = 2147483647;
			files = (
				38E24F511AB1437C00E72F60 /* SecondViewController.m in Sources */,
				38E24F4B1AB1437C00E72F60 /* AppDelegate.m in Sources */,
				38E24F4E1AB1437C00E72F60 /* FirstViewController.m in Sources */,
				38E24F481AB1437C00E72F60 /* main.m in Sources */,
			);
			runOnlyForDeploymentPostprocessing = 0;
		};
		38E24F5A1AB1437D00E72F60 /* Sources */ = {
			isa = PBXSourcesBuildPhase;
			buildActionMask = 2147483647;
			files = (
				38E24F651AB1437D00E72F60 /* EasyCarpoolerTests.m in Sources */,
			);
			runOnlyForDeploymentPostprocessing = 0;
		};
/* End PBXSourcesBuildPhase section */

/* Begin PBXTargetDependency section */
		38E24F601AB1437D00E72F60 /* PBXTargetDependency */ = {
			isa = PBXTargetDependency;
			target = 38E24F411AB1437C00E72F60 /* EasyCarpooler */;
			targetProxy = 38E24F5F1AB1437D00E72F60 /* PBXContainerItemProxy */;
		};
/* End PBXTargetDependency section */

/* Begin PBXVariantGroup section */
		38E24F521AB1437C00E72F60 /* Main.storyboard */ = {
			isa = PBXVariantGroup;
			children = (
				38E24F531AB1437C00E72F60 /* Base */,
			);
			name = Main.storyboard;
			sourceTree = "<group>";
		};
		38E24F571AB1437D00E72F60 /* LaunchScreen.xib */ = {
			isa = PBXVariantGroup;
			children = (
				38E24F581AB1437D00E72F60 /* Base */,
			);
			name = LaunchScreen.xib;
			sourceTree = "<group>";
		};
/* End PBXVariantGroup section */

/* Begin XCBuildConfiguration section */
		38E24F661AB1437D00E72F60 /* Debug */ = {
			isa = XCBuildConfiguration;
			buildSettings = {
				ALWAYS_SEARCH_USER_PATHS = NO;
				CLANG_CXX_LANGUAGE_STANDARD = "gnu++0x";
				CLANG_CXX_LIBRARY = "libc++";
				CLANG_ENABLE_MODULES = YES;
				CLANG_ENABLE_OBJC_ARC = YES;
				CLANG_WARN_BOOL_CONVERSION = YES;
				CLANG_WARN_CONSTANT_CONVERSION = YES;
				CLANG_WARN_DIRECT_OBJC_ISA_USAGE = YES_ERROR;
				CLANG_WARN_EMPTY_BODY = YES;
				CLANG_WARN_ENUM_CONVERSION = YES;
				CLANG_WARN_INT_CONVERSION = YES;
				CLANG_WARN_OBJC_ROOT_CLASS = YES_ERROR;
				CLANG_WARN_UNREACHABLE_CODE = YES;
				CLANG_WARN__DUPLICATE_METHOD_MATCH = YES;
				"CODE_SIGN_IDENTITY[sdk=iphoneos*]" = "iPhone Developer";
				COPY_PHASE_STRIP = NO;
				ENABLE_STRICT_OBJC_MSGSEND = YES;
				GCC_C_LANGUAGE_STANDARD = gnu99;
				GCC_DYNAMIC_NO_PIC = NO;
				GCC_OPTIMIZATION_LEVEL = 0;
				GCC_PREPROCESSOR_DEFINITIONS = (
					"DEBUG=1",
					"$(inherited)",
				);
				GCC_SYMBOLS_PRIVATE_EXTERN = NO;
				GCC_WARN_64_TO_32_BIT_CONVERSION = YES;
				GCC_WARN_ABOUT_RETURN_TYPE = YES_ERROR;
				GCC_WARN_UNDECLARED_SELECTOR = YES;
				GCC_WARN_UNINITIALIZED_AUTOS = YES_AGGRESSIVE;
				GCC_WARN_UNUSED_FUNCTION = YES;
				GCC_WARN_UNUSED_VARIABLE = YES;
				IPHONEOS_DEPLOYMENT_TARGET = 8.1;
				MTL_ENABLE_DEBUG_INFO = YES;
				ONLY_ACTIVE_ARCH = YES;
				SDKROOT = iphoneos;
				TARGETED_DEVICE_FAMILY = "1,2";
			};
			name = Debug;
		};
		38E24F671AB1437D00E72F60 /* Release */ = {
			isa = XCBuildConfiguration;
			buildSettings = {
				ALWAYS_SEARCH_USER_PATHS = NO;
				CLANG_CXX_LANGUAGE_STANDARD = "gnu++0x";
				CLANG_CXX_LIBRARY = "libc++";
				CLANG_ENABLE_MODULES = YES;
				CLANG_ENABLE_OBJC_ARC = YES;
				CLANG_WARN_BOOL_CONVERSION = YES;
				CLANG_WARN_CONSTANT_CONVERSION = YES;
				CLANG_WARN_DIRECT_OBJC_ISA_USAGE = YES_ERROR;
				CLANG_WARN_EMPTY_BODY = YES;
				CLANG_WARN_ENUM_CONVERSION = YES;
				CLANG_WARN_INT_CONVERSION = YES;
				CLANG_WARN_OBJC_ROOT_CLASS = YES_ERROR;
				CLANG_WARN_UNREACHABLE_CODE = YES;
				CLANG_WARN__DUPLICATE_METHOD_MATCH = YES;
				"CODE_SIGN_IDENTITY[sdk=iphoneos*]" = "iPhone Developer";
				COPY_PHASE_STRIP = YES;
				ENABLE_NS_ASSERTIONS = NO;
				ENABLE_STRICT_OBJC_MSGSEND = YES;
				GCC_C_LANGUAGE_STANDARD = gnu99;
				GCC_WARN_64_TO_32_BIT_CONVERSION = YES;
				GCC_WARN_ABOUT_RETURN_TYPE = YES_ERROR;
				GCC_WARN_UNDECLARED_SELECTOR = YES;
				GCC_WARN_UNINITIALIZED_AUTOS = YES_AGGRESSIVE;
				GCC_WARN_UNUSED_FUNCTION = YES;
				GCC_WARN_UNUSED_VARIABLE = YES;
				IPHONEOS_DEPLOYMENT_TARGET = 8.1;
				MTL_ENABLE_DEBUG_INFO = NO;
				SDKROOT = iphoneos;
				TARGETED_DEVICE_FAMILY = "1,2";
				VALIDATE_PRODUCT = YES;
			};
			name = Release;
		};
		38E24F691AB1437D00E72F60 /* Debug */ = {
			isa = XCBuildConfiguration;
			buildSettings = {
				ASSETCATALOG_COMPILER_APPICON_NAME = AppIcon;
				INFOPLIST_FILE = EasyCarpooler/Info.plist;
				LD_RUNPATH_SEARCH_PATHS = "$(inherited) @executable_path/Frameworks";
				PRODUCT_NAME = "$(TARGET_NAME)";
			};
			name = Debug;
		};
		38E24F6A1AB1437D00E72F60 /* Release */ = {
			isa = XCBuildConfiguration;
			buildSettings = {
				ASSETCATALOG_COMPILER_APPICON_NAME = AppIcon;
				INFOPLIST_FILE = EasyCarpooler/Info.plist;
				LD_RUNPATH_SEARCH_PATHS = "$(inherited) @executable_path/Frameworks";
				PRODUCT_NAME = "$(TARGET_NAME)";
			};
			name = Release;
		};
		38E24F6C1AB1437D00E72F60 /* Debug */ = {
			isa = XCBuildConfiguration;
			buildSettings = {
				BUNDLE_LOADER = "$(TEST_HOST)";
				FRAMEWORK_SEARCH_PATHS = (
					"$(SDKROOT)/Developer/Library/Frameworks",
					"$(inherited)",
				);
				GCC_PREPROCESSOR_DEFINITIONS = (
					"DEBUG=1",
					"$(inherited)",
				);
				INFOPLIST_FILE = EasyCarpoolerTests/Info.plist;
				LD_RUNPATH_SEARCH_PATHS = "$(inherited) @executable_path/Frameworks @loader_path/Frameworks";
				PRODUCT_NAME = "$(TARGET_NAME)";
				TEST_HOST = "$(BUILT_PRODUCTS_DIR)/EasyCarpooler.app/EasyCarpooler";
			};
			name = Debug;
		};
		38E24F6D1AB1437D00E72F60 /* Release */ = {
			isa = XCBuildConfiguration;
			buildSettings = {
				BUNDLE_LOADER = "$(TEST_HOST)";
				FRAMEWORK_SEARCH_PATHS = (
					"$(SDKROOT)/Developer/Library/Frameworks",
					"$(inherited)",
				);
				INFOPLIST_FILE = EasyCarpoolerTests/Info.plist;
				LD_RUNPATH_SEARCH_PATHS = "$(inherited) @executable_path/Frameworks @loader_path/Frameworks";
				PRODUCT_NAME = "$(TARGET_NAME)";
				TEST_HOST = "$(BUILT_PRODUCTS_DIR)/EasyCarpooler.app/EasyCarpooler";
			};
			name = Release;
		};
/* End XCBuildConfiguration section */

/* Begin XCConfigurationList section */
		38E24F3D1AB1437C00E72F60 /* Build configuration list for PBXProject "EasyCarpooler" */ = {
			isa = XCConfigurationList;
			buildConfigurations = (
				38E24F661AB1437D00E72F60 /* Debug */,
				38E24F671AB1437D00E72F60 /* Release */,
			);
			defaultConfigurationIsVisible = 0;
			defaultConfigurationName = Release;
		};
		38E24F681AB1437D00E72F60 /* Build configuration list for PBXNativeTarget "EasyCarpooler" */ = {
			isa = XCConfigurationList;
			buildConfigurations = (
				38E24F691AB1437D00E72F60 /* Debug */,
				38E24F6A1AB1437D00E72F60 /* Release */,
			);
			defaultConfigurationIsVisible = 0;
		};
		38E24F6B1AB1437D00E72F60 /* Build configuration list for PBXNativeTarget "EasyCarpoolerTests" */ = {
			isa = XCConfigurationList;
			buildConfigurations = (
				38E24F6C1AB1437D00E72F60 /* Debug */,
				38E24F6D1AB1437D00E72F60 /* Release */,
			);
			defaultConfigurationIsVisible = 0;
		};
/* End XCConfigurationList section */
	};
	rootObject = 38E24F3A1AB1437C00E72F60 /* Project object */;
}
