// !$*UTF8*$!
{
	archiveVersion = 1;
	classes = {
	};
	objectVersion = 46;
	objects = {

/* Begin PBXBuildFile section */
		3891E3501AAB88F300D384AC /* main.m in Sources */ = {isa = PBXBuildFile; fileRef = 3891E34F1AAB88F300D384AC /* main.m */; };
		3891E3531AAB88F300D384AC /* AppDelegate.m in Sources */ = {isa = PBXBuildFile; fileRef = 3891E3521AAB88F300D384AC /* AppDelegate.m */; };
		3891E3561AAB88F300D384AC /* FirstViewController.m in Sources */ = {isa = PBXBuildFile; fileRef = 3891E3551AAB88F300D384AC /* FirstViewController.m */; };
		3891E3591AAB88F300D384AC /* SecondViewController.m in Sources */ = {isa = PBXBuildFile; fileRef = 3891E3581AAB88F300D384AC /* SecondViewController.m */; };
		3891E35C1AAB88F300D384AC /* Main.storyboard in Resources */ = {isa = PBXBuildFile; fileRef = 3891E35A1AAB88F300D384AC /* Main.storyboard */; };
		3891E35E1AAB88F300D384AC /* Images.xcassets in Resources */ = {isa = PBXBuildFile; fileRef = 3891E35D1AAB88F300D384AC /* Images.xcassets */; };
		3891E3611AAB88F300D384AC /* LaunchScreen.xib in Resources */ = {isa = PBXBuildFile; fileRef = 3891E35F1AAB88F300D384AC /* LaunchScreen.xib */; };
		3891E36D1AAB88F300D384AC /* EasyCarpoolerTests.m in Sources */ = {isa = PBXBuildFile; fileRef = 3891E36C1AAB88F300D384AC /* EasyCarpoolerTests.m */; };
/* End PBXBuildFile section */

/* Begin PBXContainerItemProxy section */
		3891E3671AAB88F300D384AC /* PBXContainerItemProxy */ = {
			isa = PBXContainerItemProxy;
			containerPortal = 3891E3421AAB88F300D384AC /* Project object */;
			proxyType = 1;
			remoteGlobalIDString = 3891E3491AAB88F300D384AC;
			remoteInfo = EasyCarpooler;
		};
/* End PBXContainerItemProxy section */

/* Begin PBXFileReference section */
		3891E34A1AAB88F300D384AC /* EasyCarpooler.app */ = {isa = PBXFileReference; explicitFileType = wrapper.application; includeInIndex = 0; path = EasyCarpooler.app; sourceTree = BUILT_PRODUCTS_DIR; };
		3891E34E1AAB88F300D384AC /* Info.plist */ = {isa = PBXFileReference; lastKnownFileType = text.plist.xml; path = Info.plist; sourceTree = "<group>"; };
		3891E34F1AAB88F300D384AC /* main.m */ = {isa = PBXFileReference; lastKnownFileType = sourcecode.c.objc; path = main.m; sourceTree = "<group>"; };
		3891E3511AAB88F300D384AC /* AppDelegate.h */ = {isa = PBXFileReference; lastKnownFileType = sourcecode.c.h; path = AppDelegate.h; sourceTree = "<group>"; };
		3891E3521AAB88F300D384AC /* AppDelegate.m */ = {isa = PBXFileReference; lastKnownFileType = sourcecode.c.objc; path = AppDelegate.m; sourceTree = "<group>"; };
		3891E3541AAB88F300D384AC /* FirstViewController.h */ = {isa = PBXFileReference; lastKnownFileType = sourcecode.c.h; path = FirstViewController.h; sourceTree = "<group>"; };
		3891E3551AAB88F300D384AC /* FirstViewController.m */ = {isa = PBXFileReference; lastKnownFileType = sourcecode.c.objc; path = FirstViewController.m; sourceTree = "<group>"; };
		3891E3571AAB88F300D384AC /* SecondViewController.h */ = {isa = PBXFileReference; lastKnownFileType = sourcecode.c.h; path = SecondViewController.h; sourceTree = "<group>"; };
		3891E3581AAB88F300D384AC /* SecondViewController.m */ = {isa = PBXFileReference; lastKnownFileType = sourcecode.c.objc; path = SecondViewController.m; sourceTree = "<group>"; };
		3891E35B1AAB88F300D384AC /* Base */ = {isa = PBXFileReference; lastKnownFileType = file.storyboard; name = Base; path = Base.lproj/Main.storyboard; sourceTree = "<group>"; };
		3891E35D1AAB88F300D384AC /* Images.xcassets */ = {isa = PBXFileReference; lastKnownFileType = folder.assetcatalog; path = Images.xcassets; sourceTree = "<group>"; };
		3891E3601AAB88F300D384AC /* Base */ = {isa = PBXFileReference; lastKnownFileType = file.xib; name = Base; path = Base.lproj/LaunchScreen.xib; sourceTree = "<group>"; };
		3891E3661AAB88F300D384AC /* EasyCarpoolerTests.xctest */ = {isa = PBXFileReference; explicitFileType = wrapper.cfbundle; includeInIndex = 0; path = EasyCarpoolerTests.xctest; sourceTree = BUILT_PRODUCTS_DIR; };
		3891E36B1AAB88F300D384AC /* Info.plist */ = {isa = PBXFileReference; lastKnownFileType = text.plist.xml; path = Info.plist; sourceTree = "<group>"; };
		3891E36C1AAB88F300D384AC /* EasyCarpoolerTests.m */ = {isa = PBXFileReference; lastKnownFileType = sourcecode.c.objc; path = EasyCarpoolerTests.m; sourceTree = "<group>"; };
/* End PBXFileReference section */

/* Begin PBXFrameworksBuildPhase section */
		3891E3471AAB88F300D384AC /* Frameworks */ = {
			isa = PBXFrameworksBuildPhase;
			buildActionMask = 2147483647;
			files = (
			);
			runOnlyForDeploymentPostprocessing = 0;
		};
		3891E3631AAB88F300D384AC /* Frameworks */ = {
			isa = PBXFrameworksBuildPhase;
			buildActionMask = 2147483647;
			files = (
			);
			runOnlyForDeploymentPostprocessing = 0;
		};
/* End PBXFrameworksBuildPhase section */

/* Begin PBXGroup section */
		3891E3411AAB88F300D384AC = {
			isa = PBXGroup;
			children = (
				3891E34C1AAB88F300D384AC /* EasyCarpooler */,
				3891E3691AAB88F300D384AC /* EasyCarpoolerTests */,
				3891E34B1AAB88F300D384AC /* Products */,
			);
			sourceTree = "<group>";
		};
		3891E34B1AAB88F300D384AC /* Products */ = {
			isa = PBXGroup;
			children = (
				3891E34A1AAB88F300D384AC /* EasyCarpooler.app */,
				3891E3661AAB88F300D384AC /* EasyCarpoolerTests.xctest */,
			);
			name = Products;
			sourceTree = "<group>";
		};
		3891E34C1AAB88F300D384AC /* EasyCarpooler */ = {
			isa = PBXGroup;
			children = (
				3891E3511AAB88F300D384AC /* AppDelegate.h */,
				3891E3521AAB88F300D384AC /* AppDelegate.m */,
				3891E3541AAB88F300D384AC /* FirstViewController.h */,
				3891E3551AAB88F300D384AC /* FirstViewController.m */,
				3891E3571AAB88F300D384AC /* SecondViewController.h */,
				3891E3581AAB88F300D384AC /* SecondViewController.m */,
				3891E35A1AAB88F300D384AC /* Main.storyboard */,
				3891E35D1AAB88F300D384AC /* Images.xcassets */,
				3891E35F1AAB88F300D384AC /* LaunchScreen.xib */,
				3891E34D1AAB88F300D384AC /* Supporting Files */,
			);
			path = EasyCarpooler;
			sourceTree = "<group>";
		};
		3891E34D1AAB88F300D384AC /* Supporting Files */ = {
			isa = PBXGroup;
			children = (
				3891E34E1AAB88F300D384AC /* Info.plist */,
				3891E34F1AAB88F300D384AC /* main.m */,
			);
			name = "Supporting Files";
			sourceTree = "<group>";
		};
		3891E3691AAB88F300D384AC /* EasyCarpoolerTests */ = {
			isa = PBXGroup;
			children = (
				3891E36C1AAB88F300D384AC /* EasyCarpoolerTests.m */,
				3891E36A1AAB88F300D384AC /* Supporting Files */,
			);
			path = EasyCarpoolerTests;
			sourceTree = "<group>";
		};
		3891E36A1AAB88F300D384AC /* Supporting Files */ = {
			isa = PBXGroup;
			children = (
				3891E36B1AAB88F300D384AC /* Info.plist */,
			);
			name = "Supporting Files";
			sourceTree = "<group>";
		};
/* End PBXGroup section */

/* Begin PBXNativeTarget section */
		3891E3491AAB88F300D384AC /* EasyCarpooler */ = {
			isa = PBXNativeTarget;
			buildConfigurationList = 3891E3701AAB88F300D384AC /* Build configuration list for PBXNativeTarget "EasyCarpooler" */;
			buildPhases = (
				3891E3461AAB88F300D384AC /* Sources */,
				3891E3471AAB88F300D384AC /* Frameworks */,
				3891E3481AAB88F300D384AC /* Resources */,
			);
			buildRules = (
			);
			dependencies = (
			);
			name = EasyCarpooler;
			productName = EasyCarpooler;
			productReference = 3891E34A1AAB88F300D384AC /* EasyCarpooler.app */;
			productType = "com.apple.product-type.application";
		};
		3891E3651AAB88F300D384AC /* EasyCarpoolerTests */ = {
			isa = PBXNativeTarget;
			buildConfigurationList = 3891E3731AAB88F300D384AC /* Build configuration list for PBXNativeTarget "EasyCarpoolerTests" */;
			buildPhases = (
				3891E3621AAB88F300D384AC /* Sources */,
				3891E3631AAB88F300D384AC /* Frameworks */,
				3891E3641AAB88F300D384AC /* Resources */,
			);
			buildRules = (
			);
			dependencies = (
				3891E3681AAB88F300D384AC /* PBXTargetDependency */,
			);
			name = EasyCarpoolerTests;
			productName = EasyCarpoolerTests;
			productReference = 3891E3661AAB88F300D384AC /* EasyCarpoolerTests.xctest */;
			productType = "com.apple.product-type.bundle.unit-test";
		};
/* End PBXNativeTarget section */

/* Begin PBXProject section */
		3891E3421AAB88F300D384AC /* Project object */ = {
			isa = PBXProject;
			attributes = {
				LastUpgradeCheck = 0610;
				ORGANIZATIONNAME = "Adama Traore";
				TargetAttributes = {
					3891E3491AAB88F300D384AC = {
						CreatedOnToolsVersion = 6.1.1;
					};
					3891E3651AAB88F300D384AC = {
						CreatedOnToolsVersion = 6.1.1;
						TestTargetID = 3891E3491AAB88F300D384AC;
					};
				};
			};
			buildConfigurationList = 3891E3451AAB88F300D384AC /* Build configuration list for PBXProject "EasyCarpooler" */;
			compatibilityVersion = "Xcode 3.2";
			developmentRegion = English;
			hasScannedForEncodings = 0;
			knownRegions = (
				en,
				Base,
			);
			mainGroup = 3891E3411AAB88F300D384AC;
			productRefGroup = 3891E34B1AAB88F300D384AC /* Products */;
			projectDirPath = "";
			projectRoot = "";
			targets = (
				3891E3491AAB88F300D384AC /* EasyCarpooler */,
				3891E3651AAB88F300D384AC /* EasyCarpoolerTests */,
			);
		};
/* End PBXProject section */

/* Begin PBXResourcesBuildPhase section */
		3891E3481AAB88F300D384AC /* Resources */ = {
			isa = PBXResourcesBuildPhase;
			buildActionMask = 2147483647;
			files = (
				3891E35C1AAB88F300D384AC /* Main.storyboard in Resources */,
				3891E3611AAB88F300D384AC /* LaunchScreen.xib in Resources */,
				3891E35E1AAB88F300D384AC /* Images.xcassets in Resources */,
			);
			runOnlyForDeploymentPostprocessing = 0;
		};
		3891E3641AAB88F300D384AC /* Resources */ = {
			isa = PBXResourcesBuildPhase;
			buildActionMask = 2147483647;
			files = (
			);
			runOnlyForDeploymentPostprocessing = 0;
		};
/* End PBXResourcesBuildPhase section */

/* Begin PBXSourcesBuildPhase section */
		3891E3461AAB88F300D384AC /* Sources */ = {
			isa = PBXSourcesBuildPhase;
			buildActionMask = 2147483647;
			files = (
				3891E3591AAB88F300D384AC /* SecondViewController.m in Sources */,
				3891E3531AAB88F300D384AC /* AppDelegate.m in Sources */,
				3891E3561AAB88F300D384AC /* FirstViewController.m in Sources */,
				3891E3501AAB88F300D384AC /* main.m in Sources */,
			);
			runOnlyForDeploymentPostprocessing = 0;
		};
		3891E3621AAB88F300D384AC /* Sources */ = {
			isa = PBXSourcesBuildPhase;
			buildActionMask = 2147483647;
			files = (
				3891E36D1AAB88F300D384AC /* EasyCarpoolerTests.m in Sources */,
			);
			runOnlyForDeploymentPostprocessing = 0;
		};
/* End PBXSourcesBuildPhase section */

/* Begin PBXTargetDependency section */
		3891E3681AAB88F300D384AC /* PBXTargetDependency */ = {
			isa = PBXTargetDependency;
			target = 3891E3491AAB88F300D384AC /* EasyCarpooler */;
			targetProxy = 3891E3671AAB88F300D384AC /* PBXContainerItemProxy */;
		};
/* End PBXTargetDependency section */

/* Begin PBXVariantGroup section */
		3891E35A1AAB88F300D384AC /* Main.storyboard */ = {
			isa = PBXVariantGroup;
			children = (
				3891E35B1AAB88F300D384AC /* Base */,
			);
			name = Main.storyboard;
			sourceTree = "<group>";
		};
		3891E35F1AAB88F300D384AC /* LaunchScreen.xib */ = {
			isa = PBXVariantGroup;
			children = (
				3891E3601AAB88F300D384AC /* Base */,
			);
			name = LaunchScreen.xib;
			sourceTree = "<group>";
		};
/* End PBXVariantGroup section */

/* Begin XCBuildConfiguration section */
		3891E36E1AAB88F300D384AC /* Debug */ = {
			isa = XCBuildConfiguration;
			buildSettings = {
				ALWAYS_SEARCH_USER_PATHS = NO;
				CLANG_CXX_LANGUAGE_STANDARD = "gnu++0x";
				CLANG_CXX_LIBRARY = "libc++";
				CLANG_ENABLE_MODULES = YES;
				CLANG_ENABLE_OBJC_ARC = YES;
				CLANG_WARN_BOOL_CONVERSION = YES;
				CLANG_WARN_CONSTANT_CONVERSION = YES;
				CLANG_WARN_DIRECT_OBJC_ISA_USAGE = YES_ERROR;
				CLANG_WARN_EMPTY_BODY = YES;
				CLANG_WARN_ENUM_CONVERSION = YES;
				CLANG_WARN_INT_CONVERSION = YES;
				CLANG_WARN_OBJC_ROOT_CLASS = YES_ERROR;
				CLANG_WARN_UNREACHABLE_CODE = YES;
				CLANG_WARN__DUPLICATE_METHOD_MATCH = YES;
				"CODE_SIGN_IDENTITY[sdk=iphoneos*]" = "iPhone Developer";
				COPY_PHASE_STRIP = NO;
				ENABLE_STRICT_OBJC_MSGSEND = YES;
				GCC_C_LANGUAGE_STANDARD = gnu99;
				GCC_DYNAMIC_NO_PIC = NO;
				GCC_OPTIMIZATION_LEVEL = 0;
				GCC_PREPROCESSOR_DEFINITIONS = (
					"DEBUG=1",
					"$(inherited)",
				);
				GCC_SYMBOLS_PRIVATE_EXTERN = NO;
				GCC_WARN_64_TO_32_BIT_CONVERSION = YES;
				GCC_WARN_ABOUT_RETURN_TYPE = YES_ERROR;
				GCC_WARN_UNDECLARED_SELECTOR = YES;
				GCC_WARN_UNINITIALIZED_AUTOS = YES_AGGRESSIVE;
				GCC_WARN_UNUSED_FUNCTION = YES;
				GCC_WARN_UNUSED_VARIABLE = YES;
				IPHONEOS_DEPLOYMENT_TARGET = 8.1;
				MTL_ENABLE_DEBUG_INFO = YES;
				ONLY_ACTIVE_ARCH = YES;
				SDKROOT = iphoneos;
				TARGETED_DEVICE_FAMILY = "1,2";
			};
			name = Debug;
		};
		3891E36F1AAB88F300D384AC /* Release */ = {
			isa = XCBuildConfiguration;
			buildSettings = {
				ALWAYS_SEARCH_USER_PATHS = NO;
				CLANG_CXX_LANGUAGE_STANDARD = "gnu++0x";
				CLANG_CXX_LIBRARY = "libc++";
				CLANG_ENABLE_MODULES = YES;
				CLANG_ENABLE_OBJC_ARC = YES;
				CLANG_WARN_BOOL_CONVERSION = YES;
				CLANG_WARN_CONSTANT_CONVERSION = YES;
				CLANG_WARN_DIRECT_OBJC_ISA_USAGE = YES_ERROR;
				CLANG_WARN_EMPTY_BODY = YES;
				CLANG_WARN_ENUM_CONVERSION = YES;
				CLANG_WARN_INT_CONVERSION = YES;
				CLANG_WARN_OBJC_ROOT_CLASS = YES_ERROR;
				CLANG_WARN_UNREACHABLE_CODE = YES;
				CLANG_WARN__DUPLICATE_METHOD_MATCH = YES;
				"CODE_SIGN_IDENTITY[sdk=iphoneos*]" = "iPhone Developer";
				COPY_PHASE_STRIP = YES;
				ENABLE_NS_ASSERTIONS = NO;
				ENABLE_STRICT_OBJC_MSGSEND = YES;
				GCC_C_LANGUAGE_STANDARD = gnu99;
				GCC_WARN_64_TO_32_BIT_CONVERSION = YES;
				GCC_WARN_ABOUT_RETURN_TYPE = YES_ERROR;
				GCC_WARN_UNDECLARED_SELECTOR = YES;
				GCC_WARN_UNINITIALIZED_AUTOS = YES_AGGRESSIVE;
				GCC_WARN_UNUSED_FUNCTION = YES;
				GCC_WARN_UNUSED_VARIABLE = YES;
				IPHONEOS_DEPLOYMENT_TARGET = 8.1;
				MTL_ENABLE_DEBUG_INFO = NO;
				SDKROOT = iphoneos;
				TARGETED_DEVICE_FAMILY = "1,2";
				VALIDATE_PRODUCT = YES;
			};
			name = Release;
		};
		3891E3711AAB88F300D384AC /* Debug */ = {
			isa = XCBuildConfiguration;
			buildSettings = {
				ASSETCATALOG_COMPILER_APPICON_NAME = AppIcon;
				INFOPLIST_FILE = EasyCarpooler/Info.plist;
				LD_RUNPATH_SEARCH_PATHS = "$(inherited) @executable_path/Frameworks";
				PRODUCT_NAME = "$(TARGET_NAME)";
			};
			name = Debug;
		};
		3891E3721AAB88F300D384AC /* Release */ = {
			isa = XCBuildConfiguration;
			buildSettings = {
				ASSETCATALOG_COMPILER_APPICON_NAME = AppIcon;
				INFOPLIST_FILE = EasyCarpooler/Info.plist;
				LD_RUNPATH_SEARCH_PATHS = "$(inherited) @executable_path/Frameworks";
				PRODUCT_NAME = "$(TARGET_NAME)";
			};
			name = Release;
		};
		3891E3741AAB88F300D384AC /* Debug */ = {
			isa = XCBuildConfiguration;
			buildSettings = {
				BUNDLE_LOADER = "$(TEST_HOST)";
				FRAMEWORK_SEARCH_PATHS = (
					"$(SDKROOT)/Developer/Library/Frameworks",
					"$(inherited)",
				);
				GCC_PREPROCESSOR_DEFINITIONS = (
					"DEBUG=1",
					"$(inherited)",
				);
				INFOPLIST_FILE = EasyCarpoolerTests/Info.plist;
				LD_RUNPATH_SEARCH_PATHS = "$(inherited) @executable_path/Frameworks @loader_path/Frameworks";
				PRODUCT_NAME = "$(TARGET_NAME)";
				TEST_HOST = "$(BUILT_PRODUCTS_DIR)/EasyCarpooler.app/EasyCarpooler";
			};
			name = Debug;
		};
		3891E3751AAB88F300D384AC /* Release */ = {
			isa = XCBuildConfiguration;
			buildSettings = {
				BUNDLE_LOADER = "$(TEST_HOST)";
				FRAMEWORK_SEARCH_PATHS = (
					"$(SDKROOT)/Developer/Library/Frameworks",
					"$(inherited)",
				);
				INFOPLIST_FILE = EasyCarpoolerTests/Info.plist;
				LD_RUNPATH_SEARCH_PATHS = "$(inherited) @executable_path/Frameworks @loader_path/Frameworks";
				PRODUCT_NAME = "$(TARGET_NAME)";
				TEST_HOST = "$(BUILT_PRODUCTS_DIR)/EasyCarpooler.app/EasyCarpooler";
			};
			name = Release;
		};
/* End XCBuildConfiguration section */

/* Begin XCConfigurationList section */
		3891E3451AAB88F300D384AC /* Build configuration list for PBXProject "EasyCarpooler" */ = {
			isa = XCConfigurationList;
			buildConfigurations = (
				3891E36E1AAB88F300D384AC /* Debug */,
				3891E36F1AAB88F300D384AC /* Release */,
			);
			defaultConfigurationIsVisible = 0;
			defaultConfigurationName = Release;
		};
		3891E3701AAB88F300D384AC /* Build configuration list for PBXNativeTarget "EasyCarpooler" */ = {
			isa = XCConfigurationList;
			buildConfigurations = (
				3891E3711AAB88F300D384AC /* Debug */,
				3891E3721AAB88F300D384AC /* Release */,
			);
			defaultConfigurationIsVisible = 0;
		};
		3891E3731AAB88F300D384AC /* Build configuration list for PBXNativeTarget "EasyCarpoolerTests" */ = {
			isa = XCConfigurationList;
			buildConfigurations = (
				3891E3741AAB88F300D384AC /* Debug */,
				3891E3751AAB88F300D384AC /* Release */,
			);
			defaultConfigurationIsVisible = 0;
		};
/* End XCConfigurationList section */
	};
	rootObject = 3891E3421AAB88F300D384AC /* Project object */;
}
